
Microsoft Visual Studio Solution File, Format Version 12.00
# Visual Studio Version 17
VisualStudioVersion = 17.5.002.0
MinimumVisualStudioVersion = 10.0.40219.1
Project("{9A19103F-16F7-4668-BE54-9A1E7A4F7556}") = "Wordly.Api", "Wordly.Api.csproj", "{16006FAA-D380-4193-A4BF-13CC5DCDD60D}"
EndProject
Global
	GlobalSection(SolutionConfigurationPlatforms) = preSolution
		Debug|Any CPU = Debug|Any CPU
		Release|Any CPU = Release|Any CPU
	EndGlobalSection
	GlobalSection(ProjectConfigurationPlatforms) = postSolution
		{16006FAA-D380-4193-A4BF-13CC5DCDD60D}.Debug|Any CPU.ActiveCfg = Debug|Any CPU
		{16006FAA-D380-4193-A4BF-13CC5DCDD60D}.Debug|Any CPU.Build.0 = Debug|Any CPU
		{16006FAA-D380-4193-A4BF-13CC5DCDD60D}.Release|Any CPU.ActiveCfg = Release|Any CPU
		{16006FAA-D380-4193-A4BF-13CC5DCDD60D}.Release|Any CPU.Build.0 = Release|Any CPU
	EndGlobalSection
	GlobalSection(SolutionProperties) = preSolution
		HideSolutionNode = FALSE
	EndGlobalSection
	GlobalSection(ExtensibilityGlobals) = postSolution
		SolutionGuid = {07838D73-08D8-4B02-B522-26B0B72F5302}
	EndGlobalSection
EndGlobal
